
Microsoft Visual Studio Solution File, Format Version 12.00
# Visual Studio Version 16
VisualStudioVersion = 16.0.33130.400
MinimumVisualStudioVersion = 10.0.40219.1
Project("{FAE04EC0-301F-11D3-BF4B-00C04F79EFBC}") = "CIRULOS", "CIRULOS\CIRULOS.csproj", "{396F2D3F-15DA-4650-95E9-FCCE4BC64847}"
EndProject
Global
	GlobalSection(SolutionConfigurationPlatforms) = preSolution
		Debug|Any CPU = Debug|Any CPU
		Release|Any CPU = Release|Any CPU
	EndGlobalSection
	GlobalSection(ProjectConfigurationPlatforms) = postSolution
		{396F2D3F-15DA-4650-95E9-FCCE4BC64847}.Debug|Any CPU.ActiveCfg = Debug|Any CPU
		{396F2D3F-15DA-4650-95E9-FCCE4BC64847}.Debug|Any CPU.Build.0 = Debug|Any CPU
		{396F2D3F-15DA-4650-95E9-FCCE4BC64847}.Release|Any CPU.ActiveCfg = Release|Any CPU
		{396F2D3F-15DA-4650-95E9-FCCE4BC64847}.Release|Any CPU.Build.0 = Release|Any CPU
	EndGlobalSection
	GlobalSection(SolutionProperties) = preSolution
		HideSolutionNode = FALSE
	EndGlobalSection
	GlobalSection(ExtensibilityGlobals) = postSolution
		SolutionGuid = {AA08B3C8-7EAE-4413-8D48-151B5509C0DE}
	EndGlobalSection
EndGlobal
